
Microsoft Visual Studio Solution File, Format Version 12.00
# Visual Studio Version 17
VisualStudioVersion = 17.4.33205.214
MinimumVisualStudioVersion = 10.0.40219.1
Project("{8BC9CEB8-8B4A-11D0-8D11-00A0C91BC942}") = "Task6.2", "Task6.2.vcxproj", "{8DC6CA97-B7D1-4AA8-AB07-A0F501C6983F}"
EndProject
Global
	GlobalSection(SolutionConfigurationPlatforms) = preSolution
		Debug|x64 = Debug|x64
		Debug|x86 = Debug|x86
		Release|x64 = Release|x64
		Release|x86 = Release|x86
	EndGlobalSection
	GlobalSection(ProjectConfigurationPlatforms) = postSolution
		{8DC6CA97-B7D1-4AA8-AB07-A0F501C6983F}.Debug|x64.ActiveCfg = Debug|x64
		{8DC6CA97-B7D1-4AA8-AB07-A0F501C6983F}.Debug|x64.Build.0 = Debug|x64
		{8DC6CA97-B7D1-4AA8-AB07-A0F501C6983F}.Debug|x86.ActiveCfg = Debug|Win32
		{8DC6CA97-B7D1-4AA8-AB07-A0F501C6983F}.Debug|x86.Build.0 = Debug|Win32
		{8DC6CA97-B7D1-4AA8-AB07-A0F501C6983F}.Release|x64.ActiveCfg = Release|x64
		{8DC6CA97-B7D1-4AA8-AB07-A0F501C6983F}.Release|x64.Build.0 = Release|x64
		{8DC6CA97-B7D1-4AA8-AB07-A0F501C6983F}.Release|x86.ActiveCfg = Release|Win32
		{8DC6CA97-B7D1-4AA8-AB07-A0F501C6983F}.Release|x86.Build.0 = Release|Win32
	EndGlobalSection
	GlobalSection(SolutionProperties) = preSolution
		HideSolutionNode = FALSE
	EndGlobalSection
	GlobalSection(ExtensibilityGlobals) = postSolution
		SolutionGuid = {D6A01B90-7C7A-429E-BFDA-08A3FDD6B6B5}
	EndGlobalSection
EndGlobal
