
Microsoft Visual Studio Solution File, Format Version 12.00
# Visual Studio Version 17
VisualStudioVersion = 17.4.33213.308
MinimumVisualStudioVersion = 10.0.40219.1
Project("{8BC9CEB8-8B4A-11D0-8D11-00A0C91BC942}") = "Races", "Races\Races.vcxproj", "{DCC44379-DAE1-45B5-BB55-BDF98CEC3767}"
EndProject
Project("{8BC9CEB8-8B4A-11D0-8D11-00A0C91BC942}") = "TransportLIB", "RacesLIB\RacesLIB.vcxproj", "{61015A52-0E20-4F53-AF68-9931B3E3C464}"
EndProject
Project("{8BC9CEB8-8B4A-11D0-8D11-00A0C91BC942}") = "RaseLIB", "RaseLIB\RaseLIB.vcxproj", "{2F0481E9-7CB8-48B7-877D-4E1128332F59}"
EndProject
Global
	GlobalSection(SolutionConfigurationPlatforms) = preSolution
		Debug|x64 = Debug|x64
		Debug|x86 = Debug|x86
		Release|x64 = Release|x64
		Release|x86 = Release|x86
	EndGlobalSection
	GlobalSection(ProjectConfigurationPlatforms) = postSolution
		{DCC44379-DAE1-45B5-BB55-BDF98CEC3767}.Debug|x64.ActiveCfg = Debug|x64
		{DCC44379-DAE1-45B5-BB55-BDF98CEC3767}.Debug|x64.Build.0 = Debug|x64
		{DCC44379-DAE1-45B5-BB55-BDF98CEC3767}.Debug|x86.ActiveCfg = Debug|Win32
		{DCC44379-DAE1-45B5-BB55-BDF98CEC3767}.Debug|x86.Build.0 = Debug|Win32
		{DCC44379-DAE1-45B5-BB55-BDF98CEC3767}.Release|x64.ActiveCfg = Release|x64
		{DCC44379-DAE1-45B5-BB55-BDF98CEC3767}.Release|x64.Build.0 = Release|x64
		{DCC44379-DAE1-45B5-BB55-BDF98CEC3767}.Release|x86.ActiveCfg = Release|Win32
		{DCC44379-DAE1-45B5-BB55-BDF98CEC3767}.Release|x86.Build.0 = Release|Win32
		{61015A52-0E20-4F53-AF68-9931B3E3C464}.Debug|x64.ActiveCfg = Debug|x64
		{61015A52-0E20-4F53-AF68-9931B3E3C464}.Debug|x64.Build.0 = Debug|x64
		{61015A52-0E20-4F53-AF68-9931B3E3C464}.Debug|x86.ActiveCfg = Debug|Win32
		{61015A52-0E20-4F53-AF68-9931B3E3C464}.Debug|x86.Build.0 = Debug|Win32
		{61015A52-0E20-4F53-AF68-9931B3E3C464}.Release|x64.ActiveCfg = Release|x64
		{61015A52-0E20-4F53-AF68-9931B3E3C464}.Release|x64.Build.0 = Release|x64
		{61015A52-0E20-4F53-AF68-9931B3E3C464}.Release|x86.ActiveCfg = Release|Win32
		{61015A52-0E20-4F53-AF68-9931B3E3C464}.Release|x86.Build.0 = Release|Win32
		{2F0481E9-7CB8-48B7-877D-4E1128332F59}.Debug|x64.ActiveCfg = Debug|x64
		{2F0481E9-7CB8-48B7-877D-4E1128332F59}.Debug|x64.Build.0 = Debug|x64
		{2F0481E9-7CB8-48B7-877D-4E1128332F59}.Debug|x86.ActiveCfg = Debug|Win32
		{2F0481E9-7CB8-48B7-877D-4E1128332F59}.Debug|x86.Build.0 = Debug|Win32
		{2F0481E9-7CB8-48B7-877D-4E1128332F59}.Release|x64.ActiveCfg = Release|x64
		{2F0481E9-7CB8-48B7-877D-4E1128332F59}.Release|x64.Build.0 = Release|x64
		{2F0481E9-7CB8-48B7-877D-4E1128332F59}.Release|x86.ActiveCfg = Release|Win32
		{2F0481E9-7CB8-48B7-877D-4E1128332F59}.Release|x86.Build.0 = Release|Win32
	EndGlobalSection
	GlobalSection(SolutionProperties) = preSolution
		HideSolutionNode = FALSE
	EndGlobalSection
	GlobalSection(ExtensibilityGlobals) = postSolution
		SolutionGuid = {FAA458F8-5E4B-4752-AEFE-90C6B34DEA68}
	EndGlobalSection
EndGlobal
